
Microsoft Visual Studio Solution File, Format Version 12.00
# Visual Studio Version 16
VisualStudioVersion = 16.0.32630.194
MinimumVisualStudioVersion = 10.0.40219.1
Project("{9A19103F-16F7-4668-BE54-9A1E7A4F7556}") = "BL", "BL\BL.csproj", "{1E01F869-FACD-45E7-8F80-84406E018845}"
EndProject
Project("{9A19103F-16F7-4668-BE54-9A1E7A4F7556}") = "DAL", "DAL\DAL.csproj", "{034241BE-286C-4C58-B9CB-47F270191F81}"
EndProject
Project("{9A19103F-16F7-4668-BE54-9A1E7A4F7556}") = "UI", "UI\UI.csproj", "{6C2AA0BC-CB25-4915-ADD0-A30633D7EAC5}"
EndProject
Project("{9A19103F-16F7-4668-BE54-9A1E7A4F7556}") = "Common", "Common\Common.csproj", "{17F805DA-6CBC-458B-A144-B44AE9313677}"
EndProject
Project("{FAE04EC0-301F-11D3-BF4B-00C04F79EFBC}") = "Tools", "Tools\Tools.csproj", "{970C9E27-5D3D-4E46-9FBD-14CCEA3BE7AB}"
EndProject
Global
	GlobalSection(SolutionConfigurationPlatforms) = preSolution
		Debug|Any CPU = Debug|Any CPU
		Release|Any CPU = Release|Any CPU
	EndGlobalSection
	GlobalSection(ProjectConfigurationPlatforms) = postSolution
		{1E01F869-FACD-45E7-8F80-84406E018845}.Debug|Any CPU.ActiveCfg = Debug|Any CPU
		{1E01F869-FACD-45E7-8F80-84406E018845}.Debug|Any CPU.Build.0 = Debug|Any CPU
		{1E01F869-FACD-45E7-8F80-84406E018845}.Release|Any CPU.ActiveCfg = Release|Any CPU
		{1E01F869-FACD-45E7-8F80-84406E018845}.Release|Any CPU.Build.0 = Release|Any CPU
		{034241BE-286C-4C58-B9CB-47F270191F81}.Debug|Any CPU.ActiveCfg = Debug|Any CPU
		{034241BE-286C-4C58-B9CB-47F270191F81}.Debug|Any CPU.Build.0 = Debug|Any CPU
		{034241BE-286C-4C58-B9CB-47F270191F81}.Release|Any CPU.ActiveCfg = Release|Any CPU
		{034241BE-286C-4C58-B9CB-47F270191F81}.Release|Any CPU.Build.0 = Release|Any CPU
		{6C2AA0BC-CB25-4915-ADD0-A30633D7EAC5}.Debug|Any CPU.ActiveCfg = Debug|Any CPU
		{6C2AA0BC-CB25-4915-ADD0-A30633D7EAC5}.Debug|Any CPU.Build.0 = Debug|Any CPU
		{6C2AA0BC-CB25-4915-ADD0-A30633D7EAC5}.Release|Any CPU.ActiveCfg = Release|Any CPU
		{6C2AA0BC-CB25-4915-ADD0-A30633D7EAC5}.Release|Any CPU.Build.0 = Release|Any CPU
		{17F805DA-6CBC-458B-A144-B44AE9313677}.Debug|Any CPU.ActiveCfg = Debug|Any CPU
		{17F805DA-6CBC-458B-A144-B44AE9313677}.Debug|Any CPU.Build.0 = Debug|Any CPU
		{17F805DA-6CBC-458B-A144-B44AE9313677}.Release|Any CPU.ActiveCfg = Release|Any CPU
		{17F805DA-6CBC-458B-A144-B44AE9313677}.Release|Any CPU.Build.0 = Release|Any CPU
		{970C9E27-5D3D-4E46-9FBD-14CCEA3BE7AB}.Debug|Any CPU.ActiveCfg = Debug|Any CPU
		{970C9E27-5D3D-4E46-9FBD-14CCEA3BE7AB}.Debug|Any CPU.Build.0 = Debug|Any CPU
		{970C9E27-5D3D-4E46-9FBD-14CCEA3BE7AB}.Release|Any CPU.ActiveCfg = Release|Any CPU
		{970C9E27-5D3D-4E46-9FBD-14CCEA3BE7AB}.Release|Any CPU.Build.0 = Release|Any CPU
	EndGlobalSection
	GlobalSection(SolutionProperties) = preSolution
		HideSolutionNode = FALSE
	EndGlobalSection
	GlobalSection(ExtensibilityGlobals) = postSolution
		SolutionGuid = {57C124DD-E653-46F6-A39D-812988C0D2E5}
	EndGlobalSection
EndGlobal
