
Microsoft Visual Studio Solution File, Format Version 12.00
# Visual Studio Version 17
VisualStudioVersion = 17.3.32825.248
MinimumVisualStudioVersion = 10.0.40219.1
Project("{9A19103F-16F7-4668-BE54-9A1E7A4F7556}") = "BL", "BL\BL.csproj", "{1E01F869-FACD-45E7-8F80-84406E018845}"
EndProject
Project("{9A19103F-16F7-4668-BE54-9A1E7A4F7556}") = "UI", "UI\UI.csproj", "{6C2AA0BC-CB25-4915-ADD0-A30633D7EAC5}"
EndProject
Project("{9A19103F-16F7-4668-BE54-9A1E7A4F7556}") = "Common", "Common\Common.csproj", "{17F805DA-6CBC-458B-A144-B44AE9313677}"
EndProject
Project("{9A19103F-16F7-4668-BE54-9A1E7A4F7556}") = "Tools", "Tools\Tools.csproj", "{970C9E27-5D3D-4E46-9FBD-14CCEA3BE7AB}"
EndProject
Project("{2150E333-8FDC-42A3-9474-1A3956D46DE8}") = "Data", "Data", "{822EB22D-D44F-408B-B1D4-FE89CCE315C6}"
EndProject
Project("{9A19103F-16F7-4668-BE54-9A1E7A4F7556}") = "DAL", "Data\DAL\DAL.csproj", "{3D713987-9FC6-4971-BB28-C259C99857DA}"
EndProject
Project("{9A19103F-16F7-4668-BE54-9A1E7A4F7556}") = "DAL.MsSqlServer", "Data\DAL.MsSqlServer\DAL.MsSqlServer.csproj", "{F7E523DC-9A3F-4E8A-90DB-AD56C7F6F402}"
EndProject
Project("{9A19103F-16F7-4668-BE54-9A1E7A4F7556}") = "Entities", "Entities\Entities.csproj", "{635D6D10-4159-40E5-A284-9CBF1C4ECC43}"
EndProject
Project("{2150E333-8FDC-42A3-9474-1A3956D46DE8}") = "Tests", "Tests", "{00CF7052-5E3D-42A2-BA6F-B76829B72659}"
EndProject
Project("{9A19103F-16F7-4668-BE54-9A1E7A4F7556}") = "Tests", "Tests\Tests\Tests.csproj", "{6C1C627A-BA32-4D73-909F-56B5B51FF3D2}"
EndProject
Project("{9A19103F-16F7-4668-BE54-9A1E7A4F7556}") = "Interfaces", "Interfaces\Interfaces.csproj", "{828430B1-F132-46E1-9E78-1A993FF7770F}"
EndProject
Project("{2150E333-8FDC-42A3-9474-1A3956D46DE8}") = "Services", "Services", "{E073A513-4C66-4844-8AD1-04040CD17979}"
EndProject
Project("{9A19103F-16F7-4668-BE54-9A1E7A4F7556}") = "PriceParseServices", "Services\PriceParseServices\PriceParseServices.csproj", "{BB93BE7D-9A8D-4851-A515-8094053D3FC6}"
EndProject
Global
	GlobalSection(SolutionConfigurationPlatforms) = preSolution
		Debug|Any CPU = Debug|Any CPU
		Release|Any CPU = Release|Any CPU
	EndGlobalSection
	GlobalSection(ProjectConfigurationPlatforms) = postSolution
		{1E01F869-FACD-45E7-8F80-84406E018845}.Debug|Any CPU.ActiveCfg = Debug|Any CPU
		{1E01F869-FACD-45E7-8F80-84406E018845}.Debug|Any CPU.Build.0 = Debug|Any CPU
		{1E01F869-FACD-45E7-8F80-84406E018845}.Release|Any CPU.ActiveCfg = Release|Any CPU
		{1E01F869-FACD-45E7-8F80-84406E018845}.Release|Any CPU.Build.0 = Release|Any CPU
		{6C2AA0BC-CB25-4915-ADD0-A30633D7EAC5}.Debug|Any CPU.ActiveCfg = Debug|Any CPU
		{6C2AA0BC-CB25-4915-ADD0-A30633D7EAC5}.Debug|Any CPU.Build.0 = Debug|Any CPU
		{6C2AA0BC-CB25-4915-ADD0-A30633D7EAC5}.Release|Any CPU.ActiveCfg = Release|Any CPU
		{6C2AA0BC-CB25-4915-ADD0-A30633D7EAC5}.Release|Any CPU.Build.0 = Release|Any CPU
		{17F805DA-6CBC-458B-A144-B44AE9313677}.Debug|Any CPU.ActiveCfg = Debug|Any CPU
		{17F805DA-6CBC-458B-A144-B44AE9313677}.Debug|Any CPU.Build.0 = Debug|Any CPU
		{17F805DA-6CBC-458B-A144-B44AE9313677}.Release|Any CPU.ActiveCfg = Release|Any CPU
		{17F805DA-6CBC-458B-A144-B44AE9313677}.Release|Any CPU.Build.0 = Release|Any CPU
		{970C9E27-5D3D-4E46-9FBD-14CCEA3BE7AB}.Debug|Any CPU.ActiveCfg = Debug|Any CPU
		{970C9E27-5D3D-4E46-9FBD-14CCEA3BE7AB}.Debug|Any CPU.Build.0 = Debug|Any CPU
		{970C9E27-5D3D-4E46-9FBD-14CCEA3BE7AB}.Release|Any CPU.ActiveCfg = Release|Any CPU
		{970C9E27-5D3D-4E46-9FBD-14CCEA3BE7AB}.Release|Any CPU.Build.0 = Release|Any CPU
		{3D713987-9FC6-4971-BB28-C259C99857DA}.Debug|Any CPU.ActiveCfg = Debug|Any CPU
		{3D713987-9FC6-4971-BB28-C259C99857DA}.Debug|Any CPU.Build.0 = Debug|Any CPU
		{3D713987-9FC6-4971-BB28-C259C99857DA}.Release|Any CPU.ActiveCfg = Release|Any CPU
		{3D713987-9FC6-4971-BB28-C259C99857DA}.Release|Any CPU.Build.0 = Release|Any CPU
		{F7E523DC-9A3F-4E8A-90DB-AD56C7F6F402}.Debug|Any CPU.ActiveCfg = Debug|Any CPU
		{F7E523DC-9A3F-4E8A-90DB-AD56C7F6F402}.Debug|Any CPU.Build.0 = Debug|Any CPU
		{F7E523DC-9A3F-4E8A-90DB-AD56C7F6F402}.Release|Any CPU.ActiveCfg = Release|Any CPU
		{F7E523DC-9A3F-4E8A-90DB-AD56C7F6F402}.Release|Any CPU.Build.0 = Release|Any CPU
		{635D6D10-4159-40E5-A284-9CBF1C4ECC43}.Debug|Any CPU.ActiveCfg = Debug|Any CPU
		{635D6D10-4159-40E5-A284-9CBF1C4ECC43}.Debug|Any CPU.Build.0 = Debug|Any CPU
		{635D6D10-4159-40E5-A284-9CBF1C4ECC43}.Release|Any CPU.ActiveCfg = Release|Any CPU
		{635D6D10-4159-40E5-A284-9CBF1C4ECC43}.Release|Any CPU.Build.0 = Release|Any CPU
		{6C1C627A-BA32-4D73-909F-56B5B51FF3D2}.Debug|Any CPU.ActiveCfg = Debug|Any CPU
		{6C1C627A-BA32-4D73-909F-56B5B51FF3D2}.Debug|Any CPU.Build.0 = Debug|Any CPU
		{6C1C627A-BA32-4D73-909F-56B5B51FF3D2}.Release|Any CPU.ActiveCfg = Release|Any CPU
		{6C1C627A-BA32-4D73-909F-56B5B51FF3D2}.Release|Any CPU.Build.0 = Release|Any CPU
		{828430B1-F132-46E1-9E78-1A993FF7770F}.Debug|Any CPU.ActiveCfg = Debug|Any CPU
		{828430B1-F132-46E1-9E78-1A993FF7770F}.Debug|Any CPU.Build.0 = Debug|Any CPU
		{828430B1-F132-46E1-9E78-1A993FF7770F}.Release|Any CPU.ActiveCfg = Release|Any CPU
		{828430B1-F132-46E1-9E78-1A993FF7770F}.Release|Any CPU.Build.0 = Release|Any CPU
		{BB93BE7D-9A8D-4851-A515-8094053D3FC6}.Debug|Any CPU.ActiveCfg = Debug|Any CPU
		{BB93BE7D-9A8D-4851-A515-8094053D3FC6}.Debug|Any CPU.Build.0 = Debug|Any CPU
		{BB93BE7D-9A8D-4851-A515-8094053D3FC6}.Release|Any CPU.ActiveCfg = Release|Any CPU
		{BB93BE7D-9A8D-4851-A515-8094053D3FC6}.Release|Any CPU.Build.0 = Release|Any CPU
	EndGlobalSection
	GlobalSection(SolutionProperties) = preSolution
		HideSolutionNode = FALSE
	EndGlobalSection
	GlobalSection(NestedProjects) = preSolution
		{3D713987-9FC6-4971-BB28-C259C99857DA} = {822EB22D-D44F-408B-B1D4-FE89CCE315C6}
		{F7E523DC-9A3F-4E8A-90DB-AD56C7F6F402} = {822EB22D-D44F-408B-B1D4-FE89CCE315C6}
		{6C1C627A-BA32-4D73-909F-56B5B51FF3D2} = {00CF7052-5E3D-42A2-BA6F-B76829B72659}
		{BB93BE7D-9A8D-4851-A515-8094053D3FC6} = {E073A513-4C66-4844-8AD1-04040CD17979}
	EndGlobalSection
	GlobalSection(ExtensibilityGlobals) = postSolution
		SolutionGuid = {57C124DD-E653-46F6-A39D-812988C0D2E5}
	EndGlobalSection
EndGlobal
