
Microsoft Visual Studio Solution File, Format Version 12.00
# Visual Studio Version 16
VisualStudioVersion = 16.0.32630.194
MinimumVisualStudioVersion = 10.0.40219.1
Project("{9A19103F-16F7-4668-BE54-9A1E7A4F7556}") = "UI", "UI.csproj", "{60B54A3F-A73A-48C4-A0C9-01241C4B23BB}"
EndProject
Project("{FAE04EC0-301F-11D3-BF4B-00C04F79EFBC}") = "DAL", "..\DAL\DAL.csproj", "{AD123CFB-91C5-4F92-B79E-F38A280C6B5A}"
EndProject
Project("{FAE04EC0-301F-11D3-BF4B-00C04F79EFBC}") = "BL", "..\BL\BL.csproj", "{46863BDD-7CF3-494E-906D-DF7B60BA7B4C}"
EndProject
Global
	GlobalSection(SolutionConfigurationPlatforms) = preSolution
		Debug|Any CPU = Debug|Any CPU
		Release|Any CPU = Release|Any CPU
	EndGlobalSection
	GlobalSection(ProjectConfigurationPlatforms) = postSolution
		{60B54A3F-A73A-48C4-A0C9-01241C4B23BB}.Debug|Any CPU.ActiveCfg = Debug|Any CPU
		{60B54A3F-A73A-48C4-A0C9-01241C4B23BB}.Debug|Any CPU.Build.0 = Debug|Any CPU
		{60B54A3F-A73A-48C4-A0C9-01241C4B23BB}.Release|Any CPU.ActiveCfg = Release|Any CPU
		{60B54A3F-A73A-48C4-A0C9-01241C4B23BB}.Release|Any CPU.Build.0 = Release|Any CPU
		{AD123CFB-91C5-4F92-B79E-F38A280C6B5A}.Debug|Any CPU.ActiveCfg = Debug|Any CPU
		{AD123CFB-91C5-4F92-B79E-F38A280C6B5A}.Debug|Any CPU.Build.0 = Debug|Any CPU
		{AD123CFB-91C5-4F92-B79E-F38A280C6B5A}.Release|Any CPU.ActiveCfg = Release|Any CPU
		{AD123CFB-91C5-4F92-B79E-F38A280C6B5A}.Release|Any CPU.Build.0 = Release|Any CPU
		{46863BDD-7CF3-494E-906D-DF7B60BA7B4C}.Debug|Any CPU.ActiveCfg = Debug|Any CPU
		{46863BDD-7CF3-494E-906D-DF7B60BA7B4C}.Debug|Any CPU.Build.0 = Debug|Any CPU
		{46863BDD-7CF3-494E-906D-DF7B60BA7B4C}.Release|Any CPU.ActiveCfg = Release|Any CPU
		{46863BDD-7CF3-494E-906D-DF7B60BA7B4C}.Release|Any CPU.Build.0 = Release|Any CPU
	EndGlobalSection
	GlobalSection(SolutionProperties) = preSolution
		HideSolutionNode = FALSE
	EndGlobalSection
	GlobalSection(ExtensibilityGlobals) = postSolution
		SolutionGuid = {57C124DD-E653-46F6-A39D-812988C0D2E5}
	EndGlobalSection
EndGlobal
